<?xml version="1.0" encoding="utf-8"?>
<Project ToolsVersion="4.0" xmlns="http://schemas.microsoft.com/developer/msbuild/2003">
  <ItemGroup>
    <Filter Include="Code">
      <UniqueIdentifier>{4FC737F1-C7A5-4376-A066-2A32D752A2FF}</UniqueIdentifier>
      <Extensions>cpp;c;cc;cxx;def;odl;idl;hpj;bat;asm;asmx</Extensions>
    </Filter>
    <Filter Include="Engine">
      <UniqueIdentifier>{12311de7-5399-4558-baa2-bca76c0605c3}</UniqueIdentifier>
    </Filter>
  </ItemGroup>
  <ItemGroup>
    <ClCompile Include="main.cpp">
      <Filter>Code</Filter>
    </ClCompile>
    <ClCompile Include="TinyEngine.cpp">
      <Filter>Engine</Filter>
    </ClCompile>
    <ClCompile Include="Grid.cpp">
      <Filter>Code</Filter>
    </ClCompile>
    <ClCompile Include="Player.cpp">
      <Filter>Code</Filter>
    </ClCompile>
  </ItemGroup>
  <ItemGroup>
    <ClInclude Include="TinyEngine.h">
      <Filter>Engine</Filter>
    </ClInclude>
    <ClInclude Include="Key.h">
      <Filter>Engine</Filter>
    </ClInclude>
    <ClInclude Include="Grid.h">
      <Filter>Code</Filter>
    </ClInclude>
    <ClInclude Include="Coords.h">
      <Filter>Code</Filter>
    </ClInclude>
    <ClInclude Include="Player.h">
      <Filter>Code</Filter>
    </ClInclude>
  </ItemGroup>
</Project>